
Microsoft Visual Studio Solution File, Format Version 12.00
# Visual Studio Version 16
VisualStudioVersion = 16.0.30002.166
MinimumVisualStudioVersion = 10.0.40219.1
Project("{FAE04EC0-301F-11D3-BF4B-00C04F79EFBC}") = "ShopVezba.Server", "ShopVezba\Server\ShopVezba.Server.csproj", "{713B7448-EF11-4610-A301-5086148DDF61}"
EndProject
Project("{FAE04EC0-301F-11D3-BF4B-00C04F79EFBC}") = "ShopVezba.Client", "ShopVezba\Client\ShopVezba.Client.csproj", "{BEE860AC-0FA6-48F3-A11F-39943CEE9FE1}"
EndProject
Project("{FAE04EC0-301F-11D3-BF4B-00C04F79EFBC}") = "ShopVezba.Shared", "ShopVezba\Shared\ShopVezba.Shared.csproj", "{1A573CF7-C7D6-415D-8B36-913753C76DDB}"
EndProject
Global
	GlobalSection(SolutionConfigurationPlatforms) = preSolution
		Debug|Any CPU = Debug|Any CPU
		Release|Any CPU = Release|Any CPU
	EndGlobalSection
	GlobalSection(ProjectConfigurationPlatforms) = postSolution
		{713B7448-EF11-4610-A301-5086148DDF61}.Debug|Any CPU.ActiveCfg = Debug|Any CPU
		{713B7448-EF11-4610-A301-5086148DDF61}.Debug|Any CPU.Build.0 = Debug|Any CPU
		{713B7448-EF11-4610-A301-5086148DDF61}.Release|Any CPU.ActiveCfg = Release|Any CPU
		{713B7448-EF11-4610-A301-5086148DDF61}.Release|Any CPU.Build.0 = Release|Any CPU
		{BEE860AC-0FA6-48F3-A11F-39943CEE9FE1}.Debug|Any CPU.ActiveCfg = Debug|Any CPU
		{BEE860AC-0FA6-48F3-A11F-39943CEE9FE1}.Debug|Any CPU.Build.0 = Debug|Any CPU
		{BEE860AC-0FA6-48F3-A11F-39943CEE9FE1}.Release|Any CPU.ActiveCfg = Release|Any CPU
		{BEE860AC-0FA6-48F3-A11F-39943CEE9FE1}.Release|Any CPU.Build.0 = Release|Any CPU
		{1A573CF7-C7D6-415D-8B36-913753C76DDB}.Debug|Any CPU.ActiveCfg = Debug|Any CPU
		{1A573CF7-C7D6-415D-8B36-913753C76DDB}.Debug|Any CPU.Build.0 = Debug|Any CPU
		{1A573CF7-C7D6-415D-8B36-913753C76DDB}.Release|Any CPU.ActiveCfg = Release|Any CPU
		{1A573CF7-C7D6-415D-8B36-913753C76DDB}.Release|Any CPU.Build.0 = Release|Any CPU
	EndGlobalSection
	GlobalSection(SolutionProperties) = preSolution
		HideSolutionNode = FALSE
	EndGlobalSection
	GlobalSection(ExtensibilityGlobals) = postSolution
		SolutionGuid = {BB993BC4-130B-47A3-BFB3-CCC3B9075405}
	EndGlobalSection
EndGlobal
